#MicroXplorer Configuration settings - do not modify
ADC1.Channel-0\#ChannelRegularConversion=ADC_CHANNEL_VREFINT
ADC1.Channel-1\#ChannelRegularConversion=ADC_CHANNEL_8
ADC1.Channel-2\#ChannelRegularConversion=ADC_CHANNEL_9
ADC1.Channel-3\#ChannelRegularConversion=ADC_CHANNEL_10
ADC1.ClockPrescaler=ADC_CLOCK_SYNC_PCLK_DIV4
ADC1.ContinuousConvMode=ENABLE
ADC1.DMAContinuousRequests=ENABLE
ADC1.DataAlign=ADC_DATAALIGN_RIGHT
ADC1.DiscontinuousConvMode=DISABLE
ADC1.EOCSelection=ADC_EOC_SINGLE_CONV
ADC1.EnableAnalogWatchDog=false
ADC1.ExternalTrigConv=ADC_SOFTWARE_START
ADC1.ExternalTrigConvEdge=ADC_EXTERNALTRIGCONVEDGE_NONE
ADC1.IPParameters=Rank-0\#ChannelRegularConversion,Channel-0\#ChannelRegularConversion,SamplingTime-0\#ChannelRegularConversion,NbrOfConversionFlag,master,ClockPrescaler,Resolution,DataAlign,ScanConvMode,ContinuousConvMode,DiscontinuousConvMode,DMAContinuousRequests,EOCSelection,NbrOfConversion,ExternalTrigConv,ExternalTrigConvEdge,InjNumberOfConversion,EnableAnalogWatchDog,Rank-1\#ChannelRegularConversion,Channel-1\#ChannelRegularConversion,SamplingTime-1\#ChannelRegularConversion,Rank-2\#ChannelRegularConversion,Channel-2\#ChannelRegularConversion,SamplingTime-2\#ChannelRegularConversion,Rank-3\#ChannelRegularConversion,Channel-3\#ChannelRegularConversion,SamplingTime-3\#ChannelRegularConversion
ADC1.InjNumberOfConversion=0
ADC1.NbrOfConversion=4
ADC1.NbrOfConversionFlag=1
ADC1.Rank-0\#ChannelRegularConversion=1
ADC1.Rank-1\#ChannelRegularConversion=2
ADC1.Rank-2\#ChannelRegularConversion=3
ADC1.Rank-3\#ChannelRegularConversion=4
ADC1.Resolution=ADC_RESOLUTION_12B
ADC1.SamplingTime-0\#ChannelRegularConversion=ADC_SAMPLETIME_56CYCLES
ADC1.SamplingTime-1\#ChannelRegularConversion=ADC_SAMPLETIME_3CYCLES
ADC1.SamplingTime-2\#ChannelRegularConversion=ADC_SAMPLETIME_56CYCLES
ADC1.SamplingTime-3\#ChannelRegularConversion=ADC_SAMPLETIME_56CYCLES
ADC1.ScanConvMode=ENABLE
ADC1.master=1
CAN1.BS1=CAN_BS1_9TQ
CAN1.BS2=CAN_BS2_4TQ
CAN1.CalculateTimeBit=1000
CAN1.CalculateTimeQuantum=71.42857142857143
CAN1.IPParameters=CalculateTimeQuantum,CalculateTimeBit,BS1,BS2,Prescaler
CAN1.Prescaler=3
CAN2.BS1=CAN_BS1_9TQ
CAN2.BS2=CAN_BS2_4TQ
CAN2.CalculateTimeBit=1000
CAN2.CalculateTimeQuantum=71.42857142857143
CAN2.IPParameters=CalculateTimeQuantum,CalculateTimeBit,BS1,BS2,Prescaler
CAN2.Prescaler=3
Dma.ADC1.8.Direction=DMA_PERIPH_TO_MEMORY
Dma.ADC1.8.FIFOMode=DMA_FIFOMODE_DISABLE
Dma.ADC1.8.Instance=DMA2_Stream0
Dma.ADC1.8.MemDataAlignment=DMA_MDATAALIGN_HALFWORD
Dma.ADC1.8.MemInc=DMA_MINC_ENABLE
Dma.ADC1.8.Mode=DMA_CIRCULAR
Dma.ADC1.8.PeriphDataAlignment=DMA_PDATAALIGN_HALFWORD
Dma.ADC1.8.PeriphInc=DMA_PINC_DISABLE
Dma.ADC1.8.Priority=DMA_PRIORITY_LOW
Dma.ADC1.8.RequestParameters=Instance,Direction,PeriphInc,MemInc,PeriphDataAlignment,MemDataAlignment,Mode,Priority,FIFOMode
Dma.Request0=USART3_RX
Dma.Request1=USART2_RX
Dma.Request2=UART7_RX
Dma.Request3=USART6_RX
Dma.Request4=USART6_TX
Dma.Request5=USART1_RX
Dma.Request6=UART8_RX
Dma.Request7=UART8_TX
Dma.Request8=ADC1
Dma.RequestsNb=9
Dma.UART7_RX.2.Direction=DMA_PERIPH_TO_MEMORY
Dma.UART7_RX.2.FIFOMode=DMA_FIFOMODE_DISABLE
Dma.UART7_RX.2.Instance=DMA1_Stream3
Dma.UART7_RX.2.MemDataAlignment=DMA_MDATAALIGN_BYTE
Dma.UART7_RX.2.MemInc=DMA_MINC_ENABLE
Dma.UART7_RX.2.Mode=DMA_NORMAL
Dma.UART7_RX.2.PeriphDataAlignment=DMA_PDATAALIGN_BYTE
Dma.UART7_RX.2.PeriphInc=DMA_PINC_DISABLE
Dma.UART7_RX.2.Priority=DMA_PRIORITY_LOW
Dma.UART7_RX.2.RequestParameters=Instance,Direction,PeriphInc,MemInc,PeriphDataAlignment,MemDataAlignment,Mode,Priority,FIFOMode
Dma.UART8_RX.6.Direction=DMA_PERIPH_TO_MEMORY
Dma.UART8_RX.6.FIFOMode=DMA_FIFOMODE_DISABLE
Dma.UART8_RX.6.Instance=DMA1_Stream6
Dma.UART8_RX.6.MemDataAlignment=DMA_MDATAALIGN_BYTE
Dma.UART8_RX.6.MemInc=DMA_MINC_ENABLE
Dma.UART8_RX.6.Mode=DMA_NORMAL
Dma.UART8_RX.6.PeriphDataAlignment=DMA_PDATAALIGN_BYTE
Dma.UART8_RX.6.PeriphInc=DMA_PINC_DISABLE
Dma.UART8_RX.6.Priority=DMA_PRIORITY_LOW
Dma.UART8_RX.6.RequestParameters=Instance,Direction,PeriphInc,MemInc,PeriphDataAlignment,MemDataAlignment,Mode,Priority,FIFOMode
Dma.UART8_TX.7.Direction=DMA_MEMORY_TO_PERIPH
Dma.UART8_TX.7.FIFOMode=DMA_FIFOMODE_DISABLE
Dma.UART8_TX.7.Instance=DMA1_Stream0
Dma.UART8_TX.7.MemDataAlignment=DMA_MDATAALIGN_BYTE
Dma.UART8_TX.7.MemInc=DMA_MINC_ENABLE
Dma.UART8_TX.7.Mode=DMA_NORMAL
Dma.UART8_TX.7.PeriphDataAlignment=DMA_PDATAALIGN_BYTE
Dma.UART8_TX.7.PeriphInc=DMA_PINC_DISABLE
Dma.UART8_TX.7.Priority=DMA_PRIORITY_LOW
Dma.UART8_TX.7.RequestParameters=Instance,Direction,PeriphInc,MemInc,PeriphDataAlignment,MemDataAlignment,Mode,Priority,FIFOMode
Dma.USART1_RX.5.Direction=DMA_PERIPH_TO_MEMORY
Dma.USART1_RX.5.FIFOMode=DMA_FIFOMODE_DISABLE
Dma.USART1_RX.5.Instance=DMA2_Stream2
Dma.USART1_RX.5.MemDataAlignment=DMA_MDATAALIGN_BYTE
Dma.USART1_RX.5.MemInc=DMA_MINC_ENABLE
Dma.USART1_RX.5.Mode=DMA_NORMAL
Dma.USART1_RX.5.PeriphDataAlignment=DMA_PDATAALIGN_BYTE
Dma.USART1_RX.5.PeriphInc=DMA_PINC_DISABLE
Dma.USART1_RX.5.Priority=DMA_PRIORITY_LOW
Dma.USART1_RX.5.RequestParameters=Instance,Direction,PeriphInc,MemInc,PeriphDataAlignment,MemDataAlignment,Mode,Priority,FIFOMode
Dma.USART2_RX.1.Direction=DMA_PERIPH_TO_MEMORY
Dma.USART2_RX.1.FIFOMode=DMA_FIFOMODE_DISABLE
Dma.USART2_RX.1.Instance=DMA1_Stream5
Dma.USART2_RX.1.MemDataAlignment=DMA_MDATAALIGN_BYTE
Dma.USART2_RX.1.MemInc=DMA_MINC_ENABLE
Dma.USART2_RX.1.Mode=DMA_NORMAL
Dma.USART2_RX.1.PeriphDataAlignment=DMA_PDATAALIGN_BYTE
Dma.USART2_RX.1.PeriphInc=DMA_PINC_DISABLE
Dma.USART2_RX.1.Priority=DMA_PRIORITY_LOW
Dma.USART2_RX.1.RequestParameters=Instance,Direction,PeriphInc,MemInc,PeriphDataAlignment,MemDataAlignment,Mode,Priority,FIFOMode
Dma.USART3_RX.0.Direction=DMA_PERIPH_TO_MEMORY
Dma.USART3_RX.0.FIFOMode=DMA_FIFOMODE_DISABLE
Dma.USART3_RX.0.Instance=DMA1_Stream1
Dma.USART3_RX.0.MemDataAlignment=DMA_MDATAALIGN_BYTE
Dma.USART3_RX.0.MemInc=DMA_MINC_ENABLE
Dma.USART3_RX.0.Mode=DMA_NORMAL
Dma.USART3_RX.0.PeriphDataAlignment=DMA_PDATAALIGN_BYTE
Dma.USART3_RX.0.PeriphInc=DMA_PINC_DISABLE
Dma.USART3_RX.0.Priority=DMA_PRIORITY_LOW
Dma.USART3_RX.0.RequestParameters=Instance,Direction,PeriphInc,MemInc,PeriphDataAlignment,MemDataAlignment,Mode,Priority,FIFOMode
Dma.USART6_RX.3.Direction=DMA_PERIPH_TO_MEMORY
Dma.USART6_RX.3.FIFOMode=DMA_FIFOMODE_DISABLE
Dma.USART6_RX.3.Instance=DMA2_Stream1
Dma.USART6_RX.3.MemDataAlignment=DMA_MDATAALIGN_BYTE
Dma.USART6_RX.3.MemInc=DMA_MINC_ENABLE
Dma.USART6_RX.3.Mode=DMA_NORMAL
Dma.USART6_RX.3.PeriphDataAlignment=DMA_PDATAALIGN_BYTE
Dma.USART6_RX.3.PeriphInc=DMA_PINC_DISABLE
Dma.USART6_RX.3.Priority=DMA_PRIORITY_LOW
Dma.USART6_RX.3.RequestParameters=Instance,Direction,PeriphInc,MemInc,PeriphDataAlignment,MemDataAlignment,Mode,Priority,FIFOMode
Dma.USART6_TX.4.Direction=DMA_MEMORY_TO_PERIPH
Dma.USART6_TX.4.FIFOMode=DMA_FIFOMODE_DISABLE
Dma.USART6_TX.4.Instance=DMA2_Stream6
Dma.USART6_TX.4.MemDataAlignment=DMA_MDATAALIGN_BYTE
Dma.USART6_TX.4.MemInc=DMA_MINC_ENABLE
Dma.USART6_TX.4.Mode=DMA_NORMAL
Dma.USART6_TX.4.PeriphDataAlignment=DMA_PDATAALIGN_BYTE
Dma.USART6_TX.4.PeriphInc=DMA_PINC_DISABLE
Dma.USART6_TX.4.Priority=DMA_PRIORITY_LOW
Dma.USART6_TX.4.RequestParameters=Instance,Direction,PeriphInc,MemInc,PeriphDataAlignment,MemDataAlignment,Mode,Priority,FIFOMode
File.Version=6
IWDG.IPParameters=Prescaler,Reload
IWDG.Prescaler=IWDG_PRESCALER_32
IWDG.Reload=300
KeepUserPlacement=false
Mcu.Family=STM32F4
Mcu.IP0=ADC1
Mcu.IP1=CAN1
Mcu.IP10=TIM5
Mcu.IP11=TIM6
Mcu.IP12=TIM7
Mcu.IP13=TIM8
Mcu.IP14=TIM10
Mcu.IP15=TIM12
Mcu.IP16=UART7
Mcu.IP17=UART8
Mcu.IP18=USART1
Mcu.IP19=USART2
Mcu.IP2=CAN2
Mcu.IP20=USART3
Mcu.IP21=USART6
Mcu.IP3=DMA
Mcu.IP4=IWDG
Mcu.IP5=NVIC
Mcu.IP6=RCC
Mcu.IP7=SPI5
Mcu.IP8=SYS
Mcu.IP9=TIM2
Mcu.IPNb=22
Mcu.Name=STM32F427I(G-I)Hx
Mcu.Package=UFBGA176
Mcu.Pin0=PE1
Mcu.Pin1=PE0
Mcu.Pin10=PC11
Mcu.Pin11=PC10
Mcu.Pin12=PI7
Mcu.Pin13=PI6
Mcu.Pin14=PG9
Mcu.Pin15=PD5
Mcu.Pin16=PD1
Mcu.Pin17=PC14/OSC32_IN
Mcu.Pin18=PF0
Mcu.Pin19=PI0
Mcu.Pin2=PG14
Mcu.Pin20=PC15/OSC32_OUT
Mcu.Pin21=PH0/OSC_IN
Mcu.Pin22=PH1/OSC_OUT
Mcu.Pin23=PF1
Mcu.Pin24=PG8
Mcu.Pin25=PG7
Mcu.Pin26=PG6
Mcu.Pin27=PF7
Mcu.Pin28=PF6
Mcu.Pin29=PG5
Mcu.Pin3=PG13
Mcu.Pin30=PG4
Mcu.Pin31=PG3
Mcu.Pin32=PF9
Mcu.Pin33=PF8
Mcu.Pin34=PG2
Mcu.Pin35=PC0
Mcu.Pin36=PB2/BOOT1
Mcu.Pin37=PG1
Mcu.Pin38=PH6
Mcu.Pin39=PA1
Mcu.Pin4=PE4
Mcu.Pin40=PA2
Mcu.Pin41=PE8
Mcu.Pin42=PE11
Mcu.Pin43=PB12
Mcu.Pin44=PB13
Mcu.Pin45=PA3
Mcu.Pin46=PB1
Mcu.Pin47=PB0
Mcu.Pin48=PF14
Mcu.Pin49=PE7
Mcu.Pin5=PE5
Mcu.Pin50=PE12
Mcu.Pin51=VP_ADC1_Vref_Input
Mcu.Pin52=VP_IWDG_VS_IWDG
Mcu.Pin53=VP_SYS_VS_Systick
Mcu.Pin54=VP_TIM2_VS_ClockSourceINT
Mcu.Pin55=VP_TIM6_VS_ClockSourceINT
Mcu.Pin56=VP_TIM7_VS_ClockSourceINT
Mcu.Pin57=VP_TIM10_VS_ClockSourceINT
Mcu.Pin58=VP_TIM12_VS_ClockSourceINT
Mcu.Pin6=PB7
Mcu.Pin7=PB6
Mcu.Pin8=PD6
Mcu.Pin9=PD0
Mcu.PinsNb=59
Mcu.ThirdPartyNb=0
Mcu.UserConstants=
Mcu.UserName=STM32F427IIHx
MxCube.Version=4.27.0
MxDb.Version=DB.4.0.270
NVIC.BusFault_IRQn=true\:0\:0\:false\:false\:true\:false
NVIC.CAN1_RX0_IRQn=true\:0\:0\:true\:false\:true\:true
NVIC.CAN1_TX_IRQn=true\:0\:0\:true\:false\:true\:true
NVIC.CAN2_RX0_IRQn=true\:1\:0\:true\:false\:true\:true
NVIC.CAN2_TX_IRQn=true\:2\:0\:true\:false\:true\:true
NVIC.DMA1_Stream0_IRQn=true\:0\:0\:false\:false\:true\:false
NVIC.DMA1_Stream1_IRQn=true\:0\:0\:false\:false\:true\:false
NVIC.DMA1_Stream3_IRQn=true\:4\:0\:true\:false\:true\:false
NVIC.DMA1_Stream5_IRQn=true\:0\:0\:false\:false\:true\:false
NVIC.DMA1_Stream6_IRQn=true\:0\:0\:false\:false\:true\:false
NVIC.DMA2_Stream0_IRQn=true\:0\:0\:false\:false\:true\:false
NVIC.DMA2_Stream1_IRQn=true\:0\:0\:false\:false\:true\:false
NVIC.DMA2_Stream2_IRQn=true\:0\:0\:false\:false\:true\:false
NVIC.DMA2_Stream6_IRQn=true\:0\:0\:false\:false\:true\:false
NVIC.DebugMonitor_IRQn=true\:0\:0\:false\:false\:true\:false
NVIC.EXTI2_IRQn=true\:0\:0\:false\:false\:true\:true
NVIC.HardFault_IRQn=true\:0\:0\:false\:false\:true\:false
NVIC.MemoryManagement_IRQn=true\:0\:0\:false\:false\:true\:false
NVIC.NonMaskableInt_IRQn=true\:0\:0\:false\:false\:true\:false
NVIC.PendSV_IRQn=true\:0\:0\:false\:false\:true\:false
NVIC.PriorityGroup=NVIC_PRIORITYGROUP_4
NVIC.SVCall_IRQn=true\:0\:0\:false\:false\:true\:false
NVIC.SysTick_IRQn=true\:0\:0\:false\:false\:true\:false
NVIC.TIM1_UP_TIM10_IRQn=true\:4\:0\:true\:false\:true\:true
NVIC.TIM6_DAC_IRQn=true\:3\:0\:true\:false\:true\:true
NVIC.TIM7_IRQn=true\:0\:0\:true\:false\:true\:true
NVIC.UART7_IRQn=true\:4\:0\:true\:false\:true\:true
NVIC.UART8_IRQn=true\:4\:0\:true\:false\:true\:true
NVIC.USART1_IRQn=true\:0\:0\:true\:false\:true\:true
NVIC.USART2_IRQn=true\:0\:0\:false\:false\:true\:true
NVIC.USART3_IRQn=true\:0\:0\:false\:false\:true\:true
NVIC.USART6_IRQn=true\:1\:0\:true\:false\:true\:true
NVIC.UsageFault_IRQn=true\:0\:0\:false\:false\:true\:false
PA1.Locked=true
PA1.Signal=S_TIM2_CH2
PA2.Signal=S_TIM2_CH3
PA3.Signal=S_TIM2_CH4
PB0.Signal=ADCx_IN8
PB1.Signal=ADCx_IN9
PB12.Locked=true
PB12.Mode=Slave
PB12.Signal=CAN2_RX
PB13.Locked=true
PB13.Mode=Slave
PB13.Signal=CAN2_TX
PB2/BOOT1.Locked=true
PB2/BOOT1.Signal=GPXTI2
PB6.Locked=true
PB6.Mode=Asynchronous
PB6.Signal=USART1_TX
PB7.Locked=true
PB7.Mode=Asynchronous
PB7.Signal=USART1_RX
PC0.GPIOParameters=GPIO_Label
PC0.GPIO_Label=Cap_V
PC0.Signal=ADCx_IN10
PC10.Locked=true
PC10.Mode=Asynchronous
PC10.Signal=USART3_TX
PC11.Locked=true
PC11.Mode=Asynchronous
PC11.Signal=USART3_RX
PC14/OSC32_IN.Mode=LSE-External-Oscillator
PC14/OSC32_IN.Signal=RCC_OSC32_IN
PC15/OSC32_OUT.Mode=LSE-External-Oscillator
PC15/OSC32_OUT.Signal=RCC_OSC32_OUT
PCC.Checker=false
PCC.Line=STM32F427/437
PCC.MCU=STM32F427I(G-I)Hx
PCC.PartNumber=STM32F427IIHx
PCC.Seq0=0
PCC.Series=STM32F4
PCC.Temperature=25
PCC.Vdd=null
PD0.Locked=true
PD0.Mode=Master
PD0.Signal=CAN1_RX
PD1.Mode=Master
PD1.Signal=CAN1_TX
PD5.Locked=true
PD5.Mode=Asynchronous
PD5.Signal=USART2_TX
PD6.Locked=true
PD6.Mode=Asynchronous
PD6.Signal=USART2_RX
PE0.Mode=Asynchronous
PE0.Signal=UART8_RX
PE1.Mode=Asynchronous
PE1.Signal=UART8_TX
PE11.GPIOParameters=GPIO_Label
PE11.GPIO_Label=LED_RED
PE11.Locked=true
PE11.Signal=GPIO_Output
PE12.GPIOParameters=GPIO_Speed
PE12.GPIO_Speed=GPIO_SPEED_FREQ_VERY_HIGH
PE12.Locked=true
PE12.Signal=SPI4_SCK
PE4.GPIOParameters=GPIO_Speed,PinState,GPIO_Label
PE4.GPIO_Label=Cap_In
PE4.GPIO_Speed=GPIO_SPEED_FREQ_HIGH
PE4.Locked=true
PE4.PinState=GPIO_PIN_SET
PE4.Signal=GPIO_Output
PE5.GPIOParameters=GPIO_Label
PE5.GPIO_Label=Cap_Out
PE5.Locked=true
PE5.Signal=GPIO_Output
PE7.Mode=Asynchronous
PE7.Signal=UART7_RX
PE8.Mode=Asynchronous
PE8.Signal=UART7_TX
PF0.Locked=true
PF0.Signal=GPIO_Output
PF1.GPIOParameters=PinState,GPIO_PuPd
PF1.GPIO_PuPd=GPIO_NOPULL
PF1.Locked=true
PF1.PinState=GPIO_PIN_SET
PF1.Signal=GPIO_Output
PF14.GPIOParameters=GPIO_Label
PF14.GPIO_Label=LED_GREEN
PF14.Locked=true
PF14.Signal=GPIO_Output
PF6.GPIOParameters=GPIO_Label
PF6.GPIO_Label=NSS
PF6.Locked=true
PF6.Signal=GPIO_Output
PF7.Locked=true
PF7.Mode=Full_Duplex_Master
PF7.Signal=SPI5_SCK
PF8.Locked=true
PF8.Mode=Full_Duplex_Master
PF8.Signal=SPI5_MISO
PF9.Locked=true
PF9.Mode=Full_Duplex_Master
PF9.Signal=SPI5_MOSI
PG1.GPIOParameters=GPIO_Label
PG1.GPIO_Label=LED1
PG1.Locked=true
PG1.Signal=GPIO_Output
PG13.GPIOParameters=GPIO_Label
PG13.GPIO_Label=LASER
PG13.Locked=true
PG13.Signal=GPIO_Output
PG14.Locked=true
PG14.Mode=Asynchronous
PG14.Signal=USART6_TX
PG2.GPIOParameters=GPIO_Label
PG2.GPIO_Label=LED2
PG2.Locked=true
PG2.Signal=GPIO_Output
PG3.GPIOParameters=GPIO_Label
PG3.GPIO_Label=LED3
PG3.Locked=true
PG3.Signal=GPIO_Output
PG4.GPIOParameters=GPIO_Label
PG4.GPIO_Label=LED4
PG4.Locked=true
PG4.Signal=GPIO_Output
PG5.GPIOParameters=GPIO_Label
PG5.GPIO_Label=LED5
PG5.Locked=true
PG5.Signal=GPIO_Output
PG6.GPIOParameters=GPIO_Label
PG6.GPIO_Label=LED6
PG6.Locked=true
PG6.Signal=GPIO_Output
PG7.GPIOParameters=GPIO_Label
PG7.GPIO_Label=LED7
PG7.Locked=true
PG7.Signal=GPIO_Output
PG8.GPIOParameters=GPIO_Label
PG8.GPIO_Label=LED8
PG8.Locked=true
PG8.Signal=GPIO_Output
PG9.Locked=true
PG9.Mode=Asynchronous
PG9.Signal=USART6_RX
PH0/OSC_IN.Mode=HSE-External-Oscillator
PH0/OSC_IN.Signal=RCC_OSC_IN
PH1/OSC_OUT.Mode=HSE-External-Oscillator
PH1/OSC_OUT.Signal=RCC_OSC_OUT
PH6.Locked=true
PH6.Signal=S_TIM12_CH1
PI0.Locked=true
PI0.Signal=S_TIM5_CH4
PI6.Locked=true
PI6.Signal=S_TIM8_CH2
PI7.Locked=true
PI7.Signal=S_TIM8_CH3
PinOutPanel.CurrentBGAView=Top
PinOutPanel.RotationAngle=-90
ProjectManager.AskForMigrate=true
ProjectManager.BackupPrevious=false
ProjectManager.CompilerOptimize=6
ProjectManager.ComputerToolchain=false
ProjectManager.CoupleFile=true
ProjectManager.CustomerFirmwarePackage=
ProjectManager.DefaultFWLocation=false
ProjectManager.DeletePrevious=true
ProjectManager.DeviceId=STM32F427IIHx
ProjectManager.FirmwarePackage=STM32Cube FW_F4 V1.17.0
ProjectManager.FreePins=false
ProjectManager.HalAssertFull=false
ProjectManager.HeapSize=0x200
ProjectManager.KeepUserCode=true
ProjectManager.LastFirmware=true
ProjectManager.LibraryCopy=1
ProjectManager.MainLocation=Src
ProjectManager.NoMain=false
ProjectManager.PreviousToolchain=
ProjectManager.ProjectBuild=false
ProjectManager.ProjectFileName=RM_frame.ioc
ProjectManager.ProjectName=RM_frame
ProjectManager.StackSize=0x400
ProjectManager.TargetToolchain=MDK-ARM V5
ProjectManager.ToolChainLocation=
ProjectManager.UnderRoot=false
ProjectManager.functionlistsort=1-MX_GPIO_Init-GPIO-false-HAL-true,2-MX_DMA_Init-DMA-false-HAL-true,3-SystemClock_Config-RCC-false-HAL-true,4-MX_CAN1_Init-CAN1-false-HAL-true,5-MX_CAN2_Init-CAN2-false-HAL-true,6-MX_SPI5_Init-SPI5-false-HAL-true,7-MX_USART1_UART_Init-USART1-false-HAL-true,8-MX_TIM6_Init-TIM6-false-HAL-true,9-MX_TIM12_Init-TIM12-false-HAL-true,10-MX_USART6_UART_Init-USART6-false-HAL-true,11-MX_TIM7_Init-TIM7-false-HAL-true,12-MX_TIM10_Init-TIM10-false-HAL-true,13-MX_TIM2_Init-TIM2-false-HAL-true,14-MX_IWDG_Init-IWDG-false-HAL-true,15-MX_TIM5_Init-TIM5-false-HAL-true,16-MX_USART3_UART_Init-USART3-false-HAL-true,17-MX_UART7_Init-UART7-false-HAL-true,18-MX_ADC1_Init-ADC1-false-HAL-true,19-MX_UART8_Init-UART8-false-HAL-true,20-MX_USART2_UART_Init-USART2-false-HAL-true,21-MX_TIM8_Init-TIM8-false-HAL-true
RCC.48MHZClocksFreq_Value=84000000
RCC.AHBFreq_Value=168000000
RCC.APB1CLKDivider=RCC_HCLK_DIV4
RCC.APB1Freq_Value=42000000
RCC.APB1TimFreq_Value=84000000
RCC.APB2CLKDivider=RCC_HCLK_DIV2
RCC.APB2Freq_Value=84000000
RCC.APB2TimFreq_Value=168000000
RCC.CortexFreq_Value=168000000
RCC.EthernetFreq_Value=168000000
RCC.FCLKCortexFreq_Value=168000000
RCC.FamilyName=M
RCC.HCLKFreq_Value=168000000
RCC.HSE_VALUE=12000000
RCC.HSI_VALUE=16000000
RCC.I2SClocksFreq_Value=192000000
RCC.IPParameters=48MHZClocksFreq_Value,AHBFreq_Value,APB1CLKDivider,APB1Freq_Value,APB1TimFreq_Value,APB2CLKDivider,APB2Freq_Value,APB2TimFreq_Value,CortexFreq_Value,EthernetFreq_Value,FCLKCortexFreq_Value,FamilyName,HCLKFreq_Value,HSE_VALUE,HSI_VALUE,I2SClocksFreq_Value,LSI_VALUE,MCO2PinFreq_Value,PLLCLKFreq_Value,PLLM,PLLN,PLLQCLKFreq_Value,PLLSourceVirtual,RTCFreq_Value,RTCHSEDivFreq_Value,SAI_AClocksFreq_Value,SAI_BClocksFreq_Value,SYSCLKFreq_VALUE,SYSCLKSource,VCOI2SOutputFreq_Value,VCOInputFreq_Value,VCOOutputFreq_Value,VCOSAIOutputFreq_Value,VCOSAIOutputFreq_ValueQ,VcooutputI2S,VcooutputI2SQ
RCC.LSI_VALUE=32000
RCC.MCO2PinFreq_Value=168000000
RCC.PLLCLKFreq_Value=168000000
RCC.PLLM=6
RCC.PLLN=168
RCC.PLLQCLKFreq_Value=84000000
RCC.PLLSourceVirtual=RCC_PLLSOURCE_HSE
RCC.RTCFreq_Value=32000
RCC.RTCHSEDivFreq_Value=6000000
RCC.SAI_AClocksFreq_Value=24500000
RCC.SAI_BClocksFreq_Value=24500000
RCC.SYSCLKFreq_VALUE=168000000
RCC.SYSCLKSource=RCC_SYSCLKSOURCE_PLLCLK
RCC.VCOI2SOutputFreq_Value=384000000
RCC.VCOInputFreq_Value=2000000
RCC.VCOOutputFreq_Value=336000000
RCC.VCOSAIOutputFreq_Value=98000000
RCC.VCOSAIOutputFreq_ValueQ=24500000
RCC.VcooutputI2S=192000000
RCC.VcooutputI2SQ=192000000
SH.ADCx_IN10.0=ADC1_IN10,IN10
SH.ADCx_IN10.ConfNb=1
SH.ADCx_IN8.0=ADC1_IN8,IN8
SH.ADCx_IN8.ConfNb=1
SH.ADCx_IN9.0=ADC1_IN9,IN9
SH.ADCx_IN9.ConfNb=1
SH.GPXTI2.0=GPIO_EXTI2
SH.GPXTI2.ConfNb=1
SH.S_TIM12_CH1.0=TIM12_CH1,PWM Generation1 CH1
SH.S_TIM12_CH1.ConfNb=1
SH.S_TIM2_CH2.0=TIM2_CH2,PWM Generation2 CH2
SH.S_TIM2_CH2.ConfNb=1
SH.S_TIM2_CH3.0=TIM2_CH3,PWM Generation3 CH3
SH.S_TIM2_CH3.ConfNb=1
SH.S_TIM2_CH4.0=TIM2_CH4,PWM Generation4 CH4
SH.S_TIM2_CH4.ConfNb=1
SH.S_TIM5_CH4.0=TIM5_CH4,PWM Generation4 CH4
SH.S_TIM5_CH4.ConfNb=1
SH.S_TIM8_CH2.0=TIM8_CH2,PWM Generation2 CH2
SH.S_TIM8_CH2.ConfNb=1
SH.S_TIM8_CH3.0=TIM8_CH3,PWM Generation3 CH3
SH.S_TIM8_CH3.ConfNb=1
SPI5.BaudRatePrescaler=SPI_BAUDRATEPRESCALER_128
SPI5.CalculateBaudRate=656.25 KBits/s
SPI5.Direction=SPI_DIRECTION_2LINES
SPI5.IPParameters=VirtualType,Mode,Direction,CalculateBaudRate,BaudRatePrescaler
SPI5.Mode=SPI_MODE_MASTER
SPI5.VirtualType=VM_MASTER
TIM10.IPParameters=Prescaler,Period
TIM10.Period=10000
TIM10.Prescaler=168-1
TIM12.Channel-PWM\ Generation1\ CH1=TIM_CHANNEL_1
TIM12.IPParameters=Channel-PWM Generation1 CH1,Prescaler,Period,Pulse-PWM Generation1 CH1
TIM12.Period=2500-1
TIM12.Prescaler=84-1
TIM12.Pulse-PWM\ Generation1\ CH1=1000
TIM2.Channel-PWM\ Generation2\ CH2=TIM_CHANNEL_2
TIM2.Channel-PWM\ Generation3\ CH3=TIM_CHANNEL_3
TIM2.Channel-PWM\ Generation4\ CH4=TIM_CHANNEL_4
TIM2.IPParameters=Channel-PWM Generation3 CH3,Prescaler,Period,Channel-PWM Generation4 CH4,Channel-PWM Generation2 CH2
TIM2.Period=19000 - 1
TIM2.Prescaler=84-1
TIM5.Channel-PWM\ Generation4\ CH4=TIM_CHANNEL_4
TIM5.IPParameters=Channel-PWM Generation4 CH4,Prescaler,Period,Pulse-PWM Generation4 CH4
TIM5.Period=1000000
TIM5.Prescaler=84-1
TIM5.Pulse-PWM\ Generation4\ CH4=1000
TIM6.IPParameters=Prescaler,Period
TIM6.Period=1000
TIM6.Prescaler=84-1
TIM7.IPParameters=Prescaler,Period
TIM7.Period=1000
TIM7.Prescaler=84-1
TIM8.Channel-PWM\ Generation2\ CH2=TIM_CHANNEL_2
TIM8.Channel-PWM\ Generation3\ CH3=TIM_CHANNEL_3
TIM8.IPParameters=Channel-PWM Generation2 CH2,Channel-PWM Generation3 CH3,Prescaler,Period
TIM8.Period=42000-1
TIM8.Prescaler=8-1
UART7.IPParameters=VirtualMode
UART7.VirtualMode=Asynchronous
UART8.IPParameters=VirtualMode
UART8.VirtualMode=Asynchronous
USART1.BaudRate=100000
USART1.IPParameters=VirtualMode,BaudRate,WordLength,Parity,Mode
USART1.Mode=MODE_RX
USART1.Parity=PARITY_EVEN
USART1.VirtualMode=VM_ASYNC
USART1.WordLength=WORDLENGTH_9B
USART2.IPParameters=VirtualMode
USART2.VirtualMode=VM_ASYNC
USART3.IPParameters=VirtualMode
USART3.VirtualMode=VM_ASYNC
USART6.IPParameters=VirtualMode
USART6.VirtualMode=VM_ASYNC
VP_ADC1_Vref_Input.Mode=IN-Vrefint
VP_ADC1_Vref_Input.Signal=ADC1_Vref_Input
VP_IWDG_VS_IWDG.Mode=IWDG_Activate
VP_IWDG_VS_IWDG.Signal=IWDG_VS_IWDG
VP_SYS_VS_Systick.Mode=SysTick
VP_SYS_VS_Systick.Signal=SYS_VS_Systick
VP_TIM10_VS_ClockSourceINT.Mode=Enable_Timer
VP_TIM10_VS_ClockSourceINT.Signal=TIM10_VS_ClockSourceINT
VP_TIM12_VS_ClockSourceINT.Mode=Internal
VP_TIM12_VS_ClockSourceINT.Signal=TIM12_VS_ClockSourceINT
VP_TIM2_VS_ClockSourceINT.Mode=Internal
VP_TIM2_VS_ClockSourceINT.Signal=TIM2_VS_ClockSourceINT
VP_TIM6_VS_ClockSourceINT.Mode=Enable_Timer
VP_TIM6_VS_ClockSourceINT.Signal=TIM6_VS_ClockSourceINT
VP_TIM7_VS_ClockSourceINT.Mode=Enable_Timer
VP_TIM7_VS_ClockSourceINT.Signal=TIM7_VS_ClockSourceINT
board=RM_frame
